<?xml version="1.0" encoding="utf-8"?>
<Project ToolsVersion="4.0" xmlns="http://schemas.microsoft.com/developer/msbuild/2003">
  <ItemGroup>
    <Filter Include="Resource Files">
      <UniqueIdentifier>{67DA6AB6-F800-4c08-8B7A-83BB121AAD01}</UniqueIdentifier>
      <Extensions>rc;ico;cur;bmp;dlg;rc2;rct;bin;rgs;gif;jpg;jpeg;jpe;resx;tiff;tif;png;wav;mfcribbon-ms</Extensions>
    </Filter>
  </ItemGroup>
  <ItemGroup>
    <ClCompile Include="..\src\main.c" />
    <ClCompile Include="..\src\json.c" />
    <ClCompile Include="..\src\allocator.c" />
    <ClCompile Include="..\src\json_builder.c" />
  </ItemGroup>
  <ItemGroup>
    <ClInclude Include="..\src\node_editor.h" />
    <ClInclude Include="..\src\nuklear_sdl_gl3.h" />
    <ClInclude Include="..\src\console.h" />
    <ClInclude Include="..\src\json.h" />
    <ClInclude Include="..\src\nuklear.h" />
    <ClInclude Include="..\src\config.h" />
    <ClInclude Include="..\src\json_helper.h" />
    <ClInclude Include="..\src\allocator.h" />
  </ItemGroup>
</Project>